{
  "name": "protobufproblem",
  "version": "1.0.0",
  "lockfileVersion": 3,
  "requires": true,
  "packages": {
    "": {
      "name": "protobufproblem",
      "version": "1.0.0",
      "license": "ISC",
      "dependencies": {
        "google-protobuf": "^4.0.1"
      }
    },
    "node_modules/google-protobuf": {
      "version": "4.0.1",
      "resolved": "https://registry.npmjs.org/google-protobuf/-/google-protobuf-4.0.1.tgz",
      "integrity": "sha512-0I4mx3UtAwpcc8l9Ds5gHcwV2FyPdwvxxBcor8LusE4b6PjoFxEngZRBepjvuQ4B0eZ2iu/Vezh8oRsnpJ9UGA==",
      "license": "(BSD-3-Clause AND Apache-2.0)"
    }
  }
}
